
Microsoft Visual Studio Solution File, Format Version 12.00
# Visual Studio Version 17
VisualStudioVersion = 17.3.32901.215
MinimumVisualStudioVersion = 10.0.40219.1
Project("{9A19103F-16F7-4668-BE54-9A1E7A4F7556}") = "WpfApp1", "WpfApp1\WpfApp1.csproj", "{EF0FF56F-D2F3-486D-9E54-099461799557}"
EndProject
Global
	GlobalSection(SolutionConfigurationPlatforms) = preSolution
		Debug|Any CPU = Debug|Any CPU
		Release|Any CPU = Release|Any CPU
	EndGlobalSection
	GlobalSection(ProjectConfigurationPlatforms) = postSolution
		{EF0FF56F-D2F3-486D-9E54-099461799557}.Debug|Any CPU.ActiveCfg = Debug|Any CPU
		{EF0FF56F-D2F3-486D-9E54-099461799557}.Debug|Any CPU.Build.0 = Debug|Any CPU
		{EF0FF56F-D2F3-486D-9E54-099461799557}.Release|Any CPU.ActiveCfg = Release|Any CPU
		{EF0FF56F-D2F3-486D-9E54-099461799557}.Release|Any CPU.Build.0 = Release|Any CPU
	EndGlobalSection
	GlobalSection(SolutionProperties) = preSolution
		HideSolutionNode = FALSE
	EndGlobalSection
	GlobalSection(ExtensibilityGlobals) = postSolution
		SolutionGuid = {C4E091FA-FF93-4ED4-A218-4779FD9CF0E9}
	EndGlobalSection
EndGlobal
